// !$*UTF8*$!
{
	archiveVersion = 1;
	classes = {
	};
	objectVersion = 56;
	objects = {

/* Begin PBXBuildFile section */
		CA07378B2B24FC7700FCACCB /* PokemonDetail.json in Resources */ = {isa = PBXBuildFile; fileRef = CAA1971F2B24FA7E0059DF62 /* PokemonDetail.json */; };
		CA935CE02B216CFB00B131B6 /* Assets.xcassets in Resources */ = {isa = PBXBuildFile; fileRef = CA935CDF2B216CFB00B131B6 /* Assets.xcassets */; };
		CA935CE32B216CFB00B131B6 /* Preview Assets.xcassets in Resources */ = {isa = PBXBuildFile; fileRef = CA935CE22B216CFB00B131B6 /* Preview Assets.xcassets */; };
		CA935CE82B216CFB00B131B6 /* Pokemon.xcdatamodeld in Sources */ = {isa = PBXBuildFile; fileRef = CA935CE62B216CFB00B131B6 /* Pokemon.xcdatamodeld */; };
		CA935D0C2B21F7C600B131B6 /* AppDelegate.swift in Sources */ = {isa = PBXBuildFile; fileRef = CA935D0B2B21F7C600B131B6 /* AppDelegate.swift */; };
		CA935D162B21F86B00B131B6 /* BaseWireframe.swift in Sources */ = {isa = PBXBuildFile; fileRef = CA935D102B21F86B00B131B6 /* BaseWireframe.swift */; };
		CA935D172B21F86B00B131B6 /* FormatterInterface.swift in Sources */ = {isa = PBXBuildFile; fileRef = CA935D112B21F86B00B131B6 /* FormatterInterface.swift */; };
		CA935D192B21F86B00B131B6 /* PresenterInterface.swift in Sources */ = {isa = PBXBuildFile; fileRef = CA935D132B21F86B00B131B6 /* PresenterInterface.swift */; };
		CA935D1A2B21F86B00B131B6 /* ViewInterface.swift in Sources */ = {isa = PBXBuildFile; fileRef = CA935D142B21F86B00B131B6 /* ViewInterface.swift */; };
		CA935D1B2B21F86B00B131B6 /* InteractorInterface.swift in Sources */ = {isa = PBXBuildFile; fileRef = CA935D152B21F86B00B131B6 /* InteractorInterface.swift */; };
		CA935D202B21F9EB00B131B6 /* LazyHostingViewController.swift in Sources */ = {isa = PBXBuildFile; fileRef = CA935D1E2B21F9EB00B131B6 /* LazyHostingViewController.swift */; };
		CA935D212B21F9EB00B131B6 /* HostingNavigationController.swift in Sources */ = {isa = PBXBuildFile; fileRef = CA935D1F2B21F9EB00B131B6 /* HostingNavigationController.swift */; };
		CA935D252B21FFC100B131B6 /* PokemonsListInterfaces.swift in Sources */ = {isa = PBXBuildFile; fileRef = CA935D242B21FFC100B131B6 /* PokemonsListInterfaces.swift */; };
		CA935D272B21FFCD00B131B6 /* PokemonsListPresenter.swift in Sources */ = {isa = PBXBuildFile; fileRef = CA935D262B21FFCD00B131B6 /* PokemonsListPresenter.swift */; };
		CA935D292B21FFD700B131B6 /* PokemonListView.swift in Sources */ = {isa = PBXBuildFile; fileRef = CA935D282B21FFD700B131B6 /* PokemonListView.swift */; };
		CA935D2B2B21FFE400B131B6 /* PokemonsListWireframe.swift in Sources */ = {isa = PBXBuildFile; fileRef = CA935D2A2B21FFE400B131B6 /* PokemonsListWireframe.swift */; };
		CA935D2D2B21FFF400B131B6 /* PokemonsListInteractor.swift in Sources */ = {isa = PBXBuildFile; fileRef = CA935D2C2B21FFF400B131B6 /* PokemonsListInteractor.swift */; };
		CA935D2F2B22000D00B131B6 /* PokemonDetailInterfaces.swift in Sources */ = {isa = PBXBuildFile; fileRef = CA935D2E2B22000D00B131B6 /* PokemonDetailInterfaces.swift */; };
		CA935D332B22002500B131B6 /* PokemonDetailPresenter.swift in Sources */ = {isa = PBXBuildFile; fileRef = CA935D322B22002500B131B6 /* PokemonDetailPresenter.swift */; };
		CA935D352B22003100B131B6 /* PokemonDetailView.swift in Sources */ = {isa = PBXBuildFile; fileRef = CA935D342B22003100B131B6 /* PokemonDetailView.swift */; };
		CA935D372B22003D00B131B6 /* PokemonDetailWireframe.swift in Sources */ = {isa = PBXBuildFile; fileRef = CA935D362B22003D00B131B6 /* PokemonDetailWireframe.swift */; };
		CA935D3D2B2213D600B131B6 /* PokemonsListEntity.swift in Sources */ = {isa = PBXBuildFile; fileRef = CA935D3C2B2213D600B131B6 /* PokemonsListEntity.swift */; };
		CAA196D52B222C810059DF62 /* Networker.swift in Sources */ = {isa = PBXBuildFile; fileRef = CAA196D32B222C810059DF62 /* Networker.swift */; };
		CAA196D62B222C810059DF62 /* Request.swift in Sources */ = {isa = PBXBuildFile; fileRef = CAA196D42B222C810059DF62 /* Request.swift */; };
		CAA196D82B223F520059DF62 /* PokemonsDetailRequest.swift in Sources */ = {isa = PBXBuildFile; fileRef = CAA196D72B223F520059DF62 /* PokemonsDetailRequest.swift */; };
		CAA196DB2B223FBA0059DF62 /* PokemonDetailEntity.swift in Sources */ = {isa = PBXBuildFile; fileRef = CAA196DA2B223FBA0059DF62 /* PokemonDetailEntity.swift */; };
		CAA196DD2B2240BA0059DF62 /* PokemonsListRequest.swift in Sources */ = {isa = PBXBuildFile; fileRef = CAA196DC2B2240B90059DF62 /* PokemonsListRequest.swift */; };
		CAA196E52B232DAC0059DF62 /* GridView.swift in Sources */ = {isa = PBXBuildFile; fileRef = CAA196E42B232DAC0059DF62 /* GridView.swift */; };
		CAA196E72B232E780059DF62 /* ActivityIndicator.swift in Sources */ = {isa = PBXBuildFile; fileRef = CAA196E62B232E780059DF62 /* ActivityIndicator.swift */; };
		CAA196E92B232EAD0059DF62 /* HeaderSearchView.swift in Sources */ = {isa = PBXBuildFile; fileRef = CAA196E82B232EAD0059DF62 /* HeaderSearchView.swift */; };
		CAA196EC2B2331330059DF62 /* View+Utils.swift in Sources */ = {isa = PBXBuildFile; fileRef = CAA196EB2B2331330059DF62 /* View+Utils.swift */; };
		CAA196EE2B23318B0059DF62 /* TextFieldClearButton.swift in Sources */ = {isa = PBXBuildFile; fileRef = CAA196ED2B23318B0059DF62 /* TextFieldClearButton.swift */; };
		CAA196F02B2331CB0059DF62 /* Color+Utils.swift in Sources */ = {isa = PBXBuildFile; fileRef = CAA196EF2B2331CB0059DF62 /* Color+Utils.swift */; };
		CAA196F22B2332C50059DF62 /* GridCellView.swift in Sources */ = {isa = PBXBuildFile; fileRef = CAA196F12B2332C50059DF62 /* GridCellView.swift */; };
		CAA196F72B23335C0059DF62 /* Constants.swift in Sources */ = {isa = PBXBuildFile; fileRef = CAA196F62B23335C0059DF62 /* Constants.swift */; };
		CAA196FB2B2333C60059DF62 /* String+Utils.swift in Sources */ = {isa = PBXBuildFile; fileRef = CAA196FA2B2333C60059DF62 /* String+Utils.swift */; };
		CAA196FD2B237C7F0059DF62 /* Encodable+Utils.swift in Sources */ = {isa = PBXBuildFile; fileRef = CAA196FC2B237C7F0059DF62 /* Encodable+Utils.swift */; };
		CAA197002B23FF7A0059DF62 /* PokemonEntity.swift in Sources */ = {isa = PBXBuildFile; fileRef = CAA196FF2B23FF7A0059DF62 /* PokemonEntity.swift */; };
		CAA197032B246FE20059DF62 /* PokemonTypeEntity.swift in Sources */ = {isa = PBXBuildFile; fileRef = CAA197022B246FE10059DF62 /* PokemonTypeEntity.swift */; };
		CAA1970A2B248C0E0059DF62 /* PokemonAbilityEntity.swift in Sources */ = {isa = PBXBuildFile; fileRef = CAA197092B248C0E0059DF62 /* PokemonAbilityEntity.swift */; };
		CAA1970C2B248DE80059DF62 /* PokemonMoveEntity.swift in Sources */ = {isa = PBXBuildFile; fileRef = CAA1970B2B248DE80059DF62 /* PokemonMoveEntity.swift */; };
		CAA197102B24B5FD0059DF62 /* PokemonDetailAdapter.swift in Sources */ = {isa = PBXBuildFile; fileRef = CAA1970F2B24B5FD0059DF62 /* PokemonDetailAdapter.swift */; };
		CAA197122B24B6490059DF62 /* GridCellAdapter.swift in Sources */ = {isa = PBXBuildFile; fileRef = CAA197112B24B6490059DF62 /* GridCellAdapter.swift */; };
		CAA197172B24CEF10059DF62 /* PokemonsListInteractorTest.swift in Sources */ = {isa = PBXBuildFile; fileRef = CAA197162B24CEF10059DF62 /* PokemonsListInteractorTest.swift */; };
		CAA1971B2B24D4820059DF62 /* NetworkerMock.swift in Sources */ = {isa = PBXBuildFile; fileRef = CAA1971A2B24D4820059DF62 /* NetworkerMock.swift */; };
		CAA1971E2B24F9610059DF62 /* PokemonsList.json in Resources */ = {isa = PBXBuildFile; fileRef = CAA1971C2B24E1780059DF62 /* PokemonsList.json */; };
/* End PBXBuildFile section */

/* Begin PBXContainerItemProxy section */
		CA935CEE2B216CFB00B131B6 /* PBXContainerItemProxy */ = {
			isa = PBXContainerItemProxy;
			containerPortal = CA935CD02B216CFA00B131B6 /* Project object */;
			proxyType = 1;
			remoteGlobalIDString = CA935CD72B216CFA00B131B6;
			remoteInfo = Pokemon;
		};
/* End PBXContainerItemProxy section */

/* Begin PBXFileReference section */
		CA935CD82B216CFA00B131B6 /* Pokemon.app */ = {isa = PBXFileReference; explicitFileType = wrapper.application; includeInIndex = 0; path = Pokemon.app; sourceTree = BUILT_PRODUCTS_DIR; };
		CA935CDF2B216CFB00B131B6 /* Assets.xcassets */ = {isa = PBXFileReference; lastKnownFileType = folder.assetcatalog; path = Assets.xcassets; sourceTree = "<group>"; };
		CA935CE22B216CFB00B131B6 /* Preview Assets.xcassets */ = {isa = PBXFileReference; lastKnownFileType = folder.assetcatalog; path = "Preview Assets.xcassets"; sourceTree = "<group>"; };
		CA935CE72B216CFB00B131B6 /* Pokemon.xcdatamodel */ = {isa = PBXFileReference; lastKnownFileType = wrapper.xcdatamodel; path = Pokemon.xcdatamodel; sourceTree = "<group>"; };
		CA935CED2B216CFB00B131B6 /* PokemonTests.xctest */ = {isa = PBXFileReference; explicitFileType = wrapper.cfbundle; includeInIndex = 0; path = PokemonTests.xctest; sourceTree = BUILT_PRODUCTS_DIR; };
		CA935D0B2B21F7C600B131B6 /* AppDelegate.swift */ = {isa = PBXFileReference; lastKnownFileType = sourcecode.swift; path = AppDelegate.swift; sourceTree = "<group>"; };
		CA935D102B21F86B00B131B6 /* BaseWireframe.swift */ = {isa = PBXFileReference; fileEncoding = 4; lastKnownFileType = sourcecode.swift; path = BaseWireframe.swift; sourceTree = "<group>"; };
		CA935D112B21F86B00B131B6 /* FormatterInterface.swift */ = {isa = PBXFileReference; fileEncoding = 4; lastKnownFileType = sourcecode.swift; path = FormatterInterface.swift; sourceTree = "<group>"; };
		CA935D132B21F86B00B131B6 /* PresenterInterface.swift */ = {isa = PBXFileReference; fileEncoding = 4; lastKnownFileType = sourcecode.swift; path = PresenterInterface.swift; sourceTree = "<group>"; };
		CA935D142B21F86B00B131B6 /* ViewInterface.swift */ = {isa = PBXFileReference; fileEncoding = 4; lastKnownFileType = sourcecode.swift; path = ViewInterface.swift; sourceTree = "<group>"; };
		CA935D152B21F86B00B131B6 /* InteractorInterface.swift */ = {isa = PBXFileReference; fileEncoding = 4; lastKnownFileType = sourcecode.swift; path = InteractorInterface.swift; sourceTree = "<group>"; };
		CA935D1E2B21F9EB00B131B6 /* LazyHostingViewController.swift */ = {isa = PBXFileReference; fileEncoding = 4; lastKnownFileType = sourcecode.swift; path = LazyHostingViewController.swift; sourceTree = "<group>"; };
		CA935D1F2B21F9EB00B131B6 /* HostingNavigationController.swift */ = {isa = PBXFileReference; fileEncoding = 4; lastKnownFileType = sourcecode.swift; path = HostingNavigationController.swift; sourceTree = "<group>"; };
		CA935D242B21FFC100B131B6 /* PokemonsListInterfaces.swift */ = {isa = PBXFileReference; lastKnownFileType = sourcecode.swift; path = PokemonsListInterfaces.swift; sourceTree = "<group>"; };
		CA935D262B21FFCD00B131B6 /* PokemonsListPresenter.swift */ = {isa = PBXFileReference; lastKnownFileType = sourcecode.swift; path = PokemonsListPresenter.swift; sourceTree = "<group>"; };
		CA935D282B21FFD700B131B6 /* PokemonListView.swift */ = {isa = PBXFileReference; lastKnownFileType = sourcecode.swift; path = PokemonListView.swift; sourceTree = "<group>"; };
		CA935D2A2B21FFE400B131B6 /* PokemonsListWireframe.swift */ = {isa = PBXFileReference; lastKnownFileType = sourcecode.swift; path = PokemonsListWireframe.swift; sourceTree = "<group>"; };
		CA935D2C2B21FFF400B131B6 /* PokemonsListInteractor.swift */ = {isa = PBXFileReference; lastKnownFileType = sourcecode.swift; path = PokemonsListInteractor.swift; sourceTree = "<group>"; };
		CA935D2E2B22000D00B131B6 /* PokemonDetailInterfaces.swift */ = {isa = PBXFileReference; lastKnownFileType = sourcecode.swift; path = PokemonDetailInterfaces.swift; sourceTree = "<group>"; };
		CA935D322B22002500B131B6 /* PokemonDetailPresenter.swift */ = {isa = PBXFileReference; lastKnownFileType = sourcecode.swift; path = PokemonDetailPresenter.swift; sourceTree = "<group>"; };
		CA935D342B22003100B131B6 /* PokemonDetailView.swift */ = {isa = PBXFileReference; lastKnownFileType = sourcecode.swift; path = PokemonDetailView.swift; sourceTree = "<group>"; };
		CA935D362B22003D00B131B6 /* PokemonDetailWireframe.swift */ = {isa = PBXFileReference; lastKnownFileType = sourcecode.swift; path = PokemonDetailWireframe.swift; sourceTree = "<group>"; };
		CA935D3C2B2213D600B131B6 /* PokemonsListEntity.swift */ = {isa = PBXFileReference; lastKnownFileType = sourcecode.swift; path = PokemonsListEntity.swift; sourceTree = "<group>"; };
		CAA196D32B222C810059DF62 /* Networker.swift */ = {isa = PBXFileReference; fileEncoding = 4; lastKnownFileType = sourcecode.swift; path = Networker.swift; sourceTree = "<group>"; };
		CAA196D42B222C810059DF62 /* Request.swift */ = {isa = PBXFileReference; fileEncoding = 4; lastKnownFileType = sourcecode.swift; path = Request.swift; sourceTree = "<group>"; };
		CAA196D72B223F520059DF62 /* PokemonsDetailRequest.swift */ = {isa = PBXFileReference; lastKnownFileType = sourcecode.swift; path = PokemonsDetailRequest.swift; sourceTree = "<group>"; };
		CAA196DA2B223FBA0059DF62 /* PokemonDetailEntity.swift */ = {isa = PBXFileReference; lastKnownFileType = sourcecode.swift; path = PokemonDetailEntity.swift; sourceTree = "<group>"; };
		CAA196DC2B2240B90059DF62 /* PokemonsListRequest.swift */ = {isa = PBXFileReference; lastKnownFileType = sourcecode.swift; path = PokemonsListRequest.swift; sourceTree = "<group>"; };
		CAA196E42B232DAC0059DF62 /* GridView.swift */ = {isa = PBXFileReference; lastKnownFileType = sourcecode.swift; path = GridView.swift; sourceTree = "<group>"; };
		CAA196E62B232E780059DF62 /* ActivityIndicator.swift */ = {isa = PBXFileReference; lastKnownFileType = sourcecode.swift; path = ActivityIndicator.swift; sourceTree = "<group>"; };
		CAA196E82B232EAD0059DF62 /* HeaderSearchView.swift */ = {isa = PBXFileReference; lastKnownFileType = sourcecode.swift; path = HeaderSearchView.swift; sourceTree = "<group>"; };
		CAA196EB2B2331330059DF62 /* View+Utils.swift */ = {isa = PBXFileReference; lastKnownFileType = sourcecode.swift; path = "View+Utils.swift"; sourceTree = "<group>"; };
		CAA196ED2B23318B0059DF62 /* TextFieldClearButton.swift */ = {isa = PBXFileReference; lastKnownFileType = sourcecode.swift; path = TextFieldClearButton.swift; sourceTree = "<group>"; };
		CAA196EF2B2331CB0059DF62 /* Color+Utils.swift */ = {isa = PBXFileReference; lastKnownFileType = sourcecode.swift; path = "Color+Utils.swift"; sourceTree = "<group>"; };
		CAA196F12B2332C50059DF62 /* GridCellView.swift */ = {isa = PBXFileReference; lastKnownFileType = sourcecode.swift; path = GridCellView.swift; sourceTree = "<group>"; };
		CAA196F62B23335C0059DF62 /* Constants.swift */ = {isa = PBXFileReference; lastKnownFileType = sourcecode.swift; path = Constants.swift; sourceTree = "<group>"; };
		CAA196FA2B2333C60059DF62 /* String+Utils.swift */ = {isa = PBXFileReference; lastKnownFileType = sourcecode.swift; path = "String+Utils.swift"; sourceTree = "<group>"; };
		CAA196FC2B237C7F0059DF62 /* Encodable+Utils.swift */ = {isa = PBXFileReference; lastKnownFileType = sourcecode.swift; path = "Encodable+Utils.swift"; sourceTree = "<group>"; };
		CAA196FF2B23FF7A0059DF62 /* PokemonEntity.swift */ = {isa = PBXFileReference; lastKnownFileType = sourcecode.swift; path = PokemonEntity.swift; sourceTree = "<group>"; };
		CAA197022B246FE10059DF62 /* PokemonTypeEntity.swift */ = {isa = PBXFileReference; lastKnownFileType = sourcecode.swift; path = PokemonTypeEntity.swift; sourceTree = "<group>"; };
		CAA197092B248C0E0059DF62 /* PokemonAbilityEntity.swift */ = {isa = PBXFileReference; lastKnownFileType = sourcecode.swift; path = PokemonAbilityEntity.swift; sourceTree = "<group>"; };
		CAA1970B2B248DE80059DF62 /* PokemonMoveEntity.swift */ = {isa = PBXFileReference; lastKnownFileType = sourcecode.swift; path = PokemonMoveEntity.swift; sourceTree = "<group>"; };
		CAA1970F2B24B5FD0059DF62 /* PokemonDetailAdapter.swift */ = {isa = PBXFileReference; lastKnownFileType = sourcecode.swift; path = PokemonDetailAdapter.swift; sourceTree = "<group>"; };
		CAA197112B24B6490059DF62 /* GridCellAdapter.swift */ = {isa = PBXFileReference; lastKnownFileType = sourcecode.swift; path = GridCellAdapter.swift; sourceTree = "<group>"; };
		CAA197162B24CEF10059DF62 /* PokemonsListInteractorTest.swift */ = {isa = PBXFileReference; lastKnownFileType = sourcecode.swift; path = PokemonsListInteractorTest.swift; sourceTree = "<group>"; };
		CAA1971A2B24D4820059DF62 /* NetworkerMock.swift */ = {isa = PBXFileReference; lastKnownFileType = sourcecode.swift; path = NetworkerMock.swift; sourceTree = "<group>"; };
		CAA1971C2B24E1780059DF62 /* PokemonsList.json */ = {isa = PBXFileReference; lastKnownFileType = text.json; path = PokemonsList.json; sourceTree = "<group>"; };
		CAA1971F2B24FA7E0059DF62 /* PokemonDetail.json */ = {isa = PBXFileReference; lastKnownFileType = text.json; path = PokemonDetail.json; sourceTree = "<group>"; };
/* End PBXFileReference section */

/* Begin PBXFrameworksBuildPhase section */
		CA935CD52B216CFA00B131B6 /* Frameworks */ = {
			isa = PBXFrameworksBuildPhase;
			buildActionMask = 2147483647;
			files = (
			);
			runOnlyForDeploymentPostprocessing = 0;
		};
		CA935CEA2B216CFB00B131B6 /* Frameworks */ = {
			isa = PBXFrameworksBuildPhase;
			buildActionMask = 2147483647;
			files = (
			);
			runOnlyForDeploymentPostprocessing = 0;
		};
/* End PBXFrameworksBuildPhase section */

/* Begin PBXGroup section */
		CA07378C2B24FE9B00FCACCB /* PokemonsList */ = {
			isa = PBXGroup;
			children = (
				CAA197162B24CEF10059DF62 /* PokemonsListInteractorTest.swift */,
			);
			path = PokemonsList;
			sourceTree = "<group>";
		};
		CA07378D2B2546CF00FCACCB /* Base */ = {
			isa = PBXGroup;
			children = (
				CAA196D22B222BA30059DF62 /* Networking */,
				CA935D0F2B21F86B00B131B6 /* VIPER */,
			);
			path = Base;
			sourceTree = "<group>";
		};
		CA07378E2B2546F400FCACCB /* Request */ = {
			isa = PBXGroup;
			children = (
				CAA196D72B223F520059DF62 /* PokemonsDetailRequest.swift */,
				CAA196DC2B2240B90059DF62 /* PokemonsListRequest.swift */,
			);
			path = Request;
			sourceTree = "<group>";
		};
		CA07378F2B25471C00FCACCB /* Interfaces */ = {
			isa = PBXGroup;
			children = (
				CA935D2E2B22000D00B131B6 /* PokemonDetailInterfaces.swift */,
			);
			path = Interfaces;
			sourceTree = "<group>";
		};
		CA0737902B25472800FCACCB /* Presenter */ = {
			isa = PBXGroup;
			children = (
				CA935D322B22002500B131B6 /* PokemonDetailPresenter.swift */,
			);
			path = Presenter;
			sourceTree = "<group>";
		};
		CA0737912B25473400FCACCB /* Wireframe */ = {
			isa = PBXGroup;
			children = (
				CA935D362B22003D00B131B6 /* PokemonDetailWireframe.swift */,
			);
			path = Wireframe;
			sourceTree = "<group>";
		};
		CA0737922B25474300FCACCB /* Interactor */ = {
			isa = PBXGroup;
			children = (
				CA935D2C2B21FFF400B131B6 /* PokemonsListInteractor.swift */,
			);
			path = Interactor;
			sourceTree = "<group>";
		};
		CA0737932B25474E00FCACCB /* Interfaces */ = {
			isa = PBXGroup;
			children = (
				CA935D242B21FFC100B131B6 /* PokemonsListInterfaces.swift */,
			);
			path = Interfaces;
			sourceTree = "<group>";
		};
		CA0737942B25475A00FCACCB /* Wireframe */ = {
			isa = PBXGroup;
			children = (
				CA935D2A2B21FFE400B131B6 /* PokemonsListWireframe.swift */,
			);
			path = Wireframe;
			sourceTree = "<group>";
		};
		CA0737952B25476700FCACCB /* Presenter */ = {
			isa = PBXGroup;
			children = (
				CA935D262B21FFCD00B131B6 /* PokemonsListPresenter.swift */,
			);
			path = Presenter;
			sourceTree = "<group>";
		};
		CA935CCF2B216CFA00B131B6 = {
			isa = PBXGroup;
			children = (
				CA935CDA2B216CFA00B131B6 /* Pokemon */,
				CA935CF02B216CFB00B131B6 /* PokemonTests */,
				CA935CD92B216CFA00B131B6 /* Products */,
			);
			sourceTree = "<group>";
		};
		CA935CD92B216CFA00B131B6 /* Products */ = {
			isa = PBXGroup;
			children = (
				CA935CD82B216CFA00B131B6 /* Pokemon.app */,
				CA935CED2B216CFB00B131B6 /* PokemonTests.xctest */,
			);
			name = Products;
			sourceTree = "<group>";
		};
		CA935CDA2B216CFA00B131B6 /* Pokemon */ = {
			isa = PBXGroup;
			children = (
				CA935D0E2B21F84700B131B6 /* Common */,
				CA935D0D2B21F83C00B131B6 /* Modules */,
				CA935D0A2B21F7B000B131B6 /* Application */,
				CA935CDF2B216CFB00B131B6 /* Assets.xcassets */,
				CA935CE62B216CFB00B131B6 /* Pokemon.xcdatamodeld */,
				CA935CE12B216CFB00B131B6 /* Preview Content */,
			);
			path = Pokemon;
			sourceTree = "<group>";
		};
		CA935CE12B216CFB00B131B6 /* Preview Content */ = {
			isa = PBXGroup;
			children = (
				CA935CE22B216CFB00B131B6 /* Preview Assets.xcassets */,
			);
			path = "Preview Content";
			sourceTree = "<group>";
		};
		CA935CF02B216CFB00B131B6 /* PokemonTests */ = {
			isa = PBXGroup;
			children = (
				CAA197182B24D4660059DF62 /* Common */,
				CAA197152B24CECA0059DF62 /* Modules */,
				CAA1971C2B24E1780059DF62 /* PokemonsList.json */,
				CAA1971F2B24FA7E0059DF62 /* PokemonDetail.json */,
			);
			path = PokemonTests;
			sourceTree = "<group>";
		};
		CA935D0A2B21F7B000B131B6 /* Application */ = {
			isa = PBXGroup;
			children = (
				CA935D0B2B21F7C600B131B6 /* AppDelegate.swift */,
			);
			path = Application;
			sourceTree = "<group>";
		};
		CA935D0D2B21F83C00B131B6 /* Modules */ = {
			isa = PBXGroup;
			children = (
				CA935D232B21FF4900B131B6 /* PokemonDetail */,
				CA935D222B21FF3000B131B6 /* PokemonsList */,
			);
			path = Modules;
			sourceTree = "<group>";
		};
		CA935D0E2B21F84700B131B6 /* Common */ = {
			isa = PBXGroup;
			children = (
				CA07378E2B2546F400FCACCB /* Request */,
				CA07378D2B2546CF00FCACCB /* Base */,
				CAA197012B246FD30059DF62 /* Entity */,
				CAA197082B2479A20059DF62 /* Constants */,
				CAA196EA2B232F140059DF62 /* Utils */,
				CAA196D12B2229010059DF62 /* Views */,
			);
			path = Common;
			sourceTree = "<group>";
		};
		CA935D0F2B21F86B00B131B6 /* VIPER */ = {
			isa = PBXGroup;
			children = (
				CA935D1F2B21F9EB00B131B6 /* HostingNavigationController.swift */,
				CA935D1E2B21F9EB00B131B6 /* LazyHostingViewController.swift */,
				CA935D102B21F86B00B131B6 /* BaseWireframe.swift */,
				CA935D112B21F86B00B131B6 /* FormatterInterface.swift */,
				CA935D132B21F86B00B131B6 /* PresenterInterface.swift */,
				CA935D142B21F86B00B131B6 /* ViewInterface.swift */,
				CA935D152B21F86B00B131B6 /* InteractorInterface.swift */,
			);
			path = VIPER;
			sourceTree = "<group>";
		};
		CA935D222B21FF3000B131B6 /* PokemonsList */ = {
			isa = PBXGroup;
			children = (
				CA0737952B25476700FCACCB /* Presenter */,
				CA0737942B25475A00FCACCB /* Wireframe */,
				CA0737932B25474E00FCACCB /* Interfaces */,
				CA0737922B25474300FCACCB /* Interactor */,
				CA935D382B2212B600B131B6 /* View */,
			);
			path = PokemonsList;
			sourceTree = "<group>";
		};
		CA935D232B21FF4900B131B6 /* PokemonDetail */ = {
			isa = PBXGroup;
			children = (
				CA07378F2B25471C00FCACCB /* Interfaces */,
				CA0737902B25472800FCACCB /* Presenter */,
				CAA1970E2B24B5D80059DF62 /* View */,
				CA0737912B25473400FCACCB /* Wireframe */,
			);
			path = PokemonDetail;
			sourceTree = "<group>";
		};
		CA935D382B2212B600B131B6 /* View */ = {
			isa = PBXGroup;
			children = (
				CAA1970D2B24ACE10059DF62 /* Grid */,
				CA935D282B21FFD700B131B6 /* PokemonListView.swift */,
			);
			path = View;
			sourceTree = "<group>";
		};
		CAA196D12B2229010059DF62 /* Views */ = {
			isa = PBXGroup;
			children = (
				CAA196ED2B23318B0059DF62 /* TextFieldClearButton.swift */,
				CAA196E82B232EAD0059DF62 /* HeaderSearchView.swift */,
				CAA196E62B232E780059DF62 /* ActivityIndicator.swift */,
			);
			path = Views;
			sourceTree = "<group>";
		};
		CAA196D22B222BA30059DF62 /* Networking */ = {
			isa = PBXGroup;
			children = (
				CAA196D32B222C810059DF62 /* Networker.swift */,
				CAA196D42B222C810059DF62 /* Request.swift */,
			);
			path = Networking;
			sourceTree = "<group>";
		};
		CAA196EA2B232F140059DF62 /* Utils */ = {
			isa = PBXGroup;
			children = (
				CAA196EB2B2331330059DF62 /* View+Utils.swift */,
				CAA196EF2B2331CB0059DF62 /* Color+Utils.swift */,
				CAA196FA2B2333C60059DF62 /* String+Utils.swift */,
				CAA196FC2B237C7F0059DF62 /* Encodable+Utils.swift */,
			);
			path = Utils;
			sourceTree = "<group>";
		};
		CAA197012B246FD30059DF62 /* Entity */ = {
			isa = PBXGroup;
			children = (
				CAA196FF2B23FF7A0059DF62 /* PokemonEntity.swift */,
				CA935D3C2B2213D600B131B6 /* PokemonsListEntity.swift */,
				CAA196DA2B223FBA0059DF62 /* PokemonDetailEntity.swift */,
				CAA197022B246FE10059DF62 /* PokemonTypeEntity.swift */,
				CAA197092B248C0E0059DF62 /* PokemonAbilityEntity.swift */,
				CAA1970B2B248DE80059DF62 /* PokemonMoveEntity.swift */,
			);
			path = Entity;
			sourceTree = "<group>";
		};
		CAA197082B2479A20059DF62 /* Constants */ = {
			isa = PBXGroup;
			children = (
				CAA196F62B23335C0059DF62 /* Constants.swift */,
			);
			path = Constants;
			sourceTree = "<group>";
		};
		CAA1970D2B24ACE10059DF62 /* Grid */ = {
			isa = PBXGroup;
			children = (
				CAA196E42B232DAC0059DF62 /* GridView.swift */,
				CAA196F12B2332C50059DF62 /* GridCellView.swift */,
				CAA197112B24B6490059DF62 /* GridCellAdapter.swift */,
			);
			path = Grid;
			sourceTree = "<group>";
		};
		CAA1970E2B24B5D80059DF62 /* View */ = {
			isa = PBXGroup;
			children = (
				CA935D342B22003100B131B6 /* PokemonDetailView.swift */,
				CAA1970F2B24B5FD0059DF62 /* PokemonDetailAdapter.swift */,
			);
			path = View;
			sourceTree = "<group>";
		};
		CAA197152B24CECA0059DF62 /* Modules */ = {
			isa = PBXGroup;
			children = (
				CA07378C2B24FE9B00FCACCB /* PokemonsList */,
			);
			path = Modules;
			sourceTree = "<group>";
		};
		CAA197182B24D4660059DF62 /* Common */ = {
			isa = PBXGroup;
			children = (
				CAA197192B24D4710059DF62 /* Networking */,
			);
			path = Common;
			sourceTree = "<group>";
		};
		CAA197192B24D4710059DF62 /* Networking */ = {
			isa = PBXGroup;
			children = (
				CAA1971A2B24D4820059DF62 /* NetworkerMock.swift */,
			);
			path = Networking;
			sourceTree = "<group>";
		};
/* End PBXGroup section */

/* Begin PBXNativeTarget section */
		CA935CD72B216CFA00B131B6 /* Pokemon */ = {
			isa = PBXNativeTarget;
			buildConfigurationList = CA935D012B216CFB00B131B6 /* Build configuration list for PBXNativeTarget "Pokemon" */;
			buildPhases = (
				CA935CD42B216CFA00B131B6 /* Sources */,
				CA935CD52B216CFA00B131B6 /* Frameworks */,
				CA935CD62B216CFA00B131B6 /* Resources */,
			);
			buildRules = (
			);
			dependencies = (
			);
			name = Pokemon;
			packageProductDependencies = (
			);
			productName = Pokemon;
			productReference = CA935CD82B216CFA00B131B6 /* Pokemon.app */;
			productType = "com.apple.product-type.application";
		};
		CA935CEC2B216CFB00B131B6 /* PokemonTests */ = {
			isa = PBXNativeTarget;
			buildConfigurationList = CA935D042B216CFB00B131B6 /* Build configuration list for PBXNativeTarget "PokemonTests" */;
			buildPhases = (
				CA935CE92B216CFB00B131B6 /* Sources */,
				CA935CEA2B216CFB00B131B6 /* Frameworks */,
				CA935CEB2B216CFB00B131B6 /* Resources */,
			);
			buildRules = (
			);
			dependencies = (
				CA935CEF2B216CFB00B131B6 /* PBXTargetDependency */,
			);
			name = PokemonTests;
			productName = PokemonTests;
			productReference = CA935CED2B216CFB00B131B6 /* PokemonTests.xctest */;
			productType = "com.apple.product-type.bundle.unit-test";
		};
/* End PBXNativeTarget section */

/* Begin PBXProject section */
		CA935CD02B216CFA00B131B6 /* Project object */ = {
			isa = PBXProject;
			attributes = {
				BuildIndependentTargetsInParallel = 1;
				LastSwiftUpdateCheck = 1500;
				LastUpgradeCheck = 1500;
				TargetAttributes = {
					CA935CD72B216CFA00B131B6 = {
						CreatedOnToolsVersion = 15.0.1;
					};
					CA935CEC2B216CFB00B131B6 = {
						CreatedOnToolsVersion = 15.0.1;
						TestTargetID = CA935CD72B216CFA00B131B6;
					};
				};
			};
			buildConfigurationList = CA935CD32B216CFA00B131B6 /* Build configuration list for PBXProject "Pokemon" */;
			compatibilityVersion = "Xcode 14.0";
			developmentRegion = en;
			hasScannedForEncodings = 0;
			knownRegions = (
				en,
				Base,
			);
			mainGroup = CA935CCF2B216CFA00B131B6;
			packageReferences = (
			);
			productRefGroup = CA935CD92B216CFA00B131B6 /* Products */;
			projectDirPath = "";
			projectRoot = "";
			targets = (
				CA935CD72B216CFA00B131B6 /* Pokemon */,
				CA935CEC2B216CFB00B131B6 /* PokemonTests */,
			);
		};
/* End PBXProject section */

/* Begin PBXResourcesBuildPhase section */
		CA935CD62B216CFA00B131B6 /* Resources */ = {
			isa = PBXResourcesBuildPhase;
			buildActionMask = 2147483647;
			files = (
				CAA1971E2B24F9610059DF62 /* PokemonsList.json in Resources */,
				CA935CE32B216CFB00B131B6 /* Preview Assets.xcassets in Resources */,
				CA07378B2B24FC7700FCACCB /* PokemonDetail.json in Resources */,
				CA935CE02B216CFB00B131B6 /* Assets.xcassets in Resources */,
			);
			runOnlyForDeploymentPostprocessing = 0;
		};
		CA935CEB2B216CFB00B131B6 /* Resources */ = {
			isa = PBXResourcesBuildPhase;
			buildActionMask = 2147483647;
			files = (
			);
			runOnlyForDeploymentPostprocessing = 0;
		};
/* End PBXResourcesBuildPhase section */

/* Begin PBXSourcesBuildPhase section */
		CA935CD42B216CFA00B131B6 /* Sources */ = {
			isa = PBXSourcesBuildPhase;
			buildActionMask = 2147483647;
			files = (
				CA935D372B22003D00B131B6 /* PokemonDetailWireframe.swift in Sources */,
				CA935D292B21FFD700B131B6 /* PokemonListView.swift in Sources */,
				CAA196EC2B2331330059DF62 /* View+Utils.swift in Sources */,
				CAA196F22B2332C50059DF62 /* GridCellView.swift in Sources */,
				CAA196E92B232EAD0059DF62 /* HeaderSearchView.swift in Sources */,
				CA935D2B2B21FFE400B131B6 /* PokemonsListWireframe.swift in Sources */,
				CA935D1B2B21F86B00B131B6 /* InteractorInterface.swift in Sources */,
				CA935D1A2B21F86B00B131B6 /* ViewInterface.swift in Sources */,
				CAA1970C2B248DE80059DF62 /* PokemonMoveEntity.swift in Sources */,
				CA935D352B22003100B131B6 /* PokemonDetailView.swift in Sources */,
				CAA1970A2B248C0E0059DF62 /* PokemonAbilityEntity.swift in Sources */,
				CA935D332B22002500B131B6 /* PokemonDetailPresenter.swift in Sources */,
				CAA196FB2B2333C60059DF62 /* String+Utils.swift in Sources */,
				CA935D252B21FFC100B131B6 /* PokemonsListInterfaces.swift in Sources */,
				CAA196DD2B2240BA0059DF62 /* PokemonsListRequest.swift in Sources */,
				CA935CE82B216CFB00B131B6 /* Pokemon.xcdatamodeld in Sources */,
				CAA196FD2B237C7F0059DF62 /* Encodable+Utils.swift in Sources */,
				CA935D212B21F9EB00B131B6 /* HostingNavigationController.swift in Sources */,
				CAA197032B246FE20059DF62 /* PokemonTypeEntity.swift in Sources */,
				CAA196D52B222C810059DF62 /* Networker.swift in Sources */,
				CAA196E52B232DAC0059DF62 /* GridView.swift in Sources */,
				CAA196D62B222C810059DF62 /* Request.swift in Sources */,
				CA935D2F2B22000D00B131B6 /* PokemonDetailInterfaces.swift in Sources */,
				CAA196E72B232E780059DF62 /* ActivityIndicator.swift in Sources */,
				CAA196D82B223F520059DF62 /* PokemonsDetailRequest.swift in Sources */,
				CA935D3D2B2213D600B131B6 /* PokemonsListEntity.swift in Sources */,
				CAA196F02B2331CB0059DF62 /* Color+Utils.swift in Sources */,
				CAA197102B24B5FD0059DF62 /* PokemonDetailAdapter.swift in Sources */,
				CAA196DB2B223FBA0059DF62 /* PokemonDetailEntity.swift in Sources */,
				CA935D202B21F9EB00B131B6 /* LazyHostingViewController.swift in Sources */,
				CAA197002B23FF7A0059DF62 /* PokemonEntity.swift in Sources */,
				CA935D162B21F86B00B131B6 /* BaseWireframe.swift in Sources */,
				CA935D2D2B21FFF400B131B6 /* PokemonsListInteractor.swift in Sources */,
				CAA197122B24B6490059DF62 /* GridCellAdapter.swift in Sources */,
				CA935D272B21FFCD00B131B6 /* PokemonsListPresenter.swift in Sources */,
				CA935D0C2B21F7C600B131B6 /* AppDelegate.swift in Sources */,
				CA935D172B21F86B00B131B6 /* FormatterInterface.swift in Sources */,
				CAA196EE2B23318B0059DF62 /* TextFieldClearButton.swift in Sources */,
				CA935D192B21F86B00B131B6 /* PresenterInterface.swift in Sources */,
				CAA196F72B23335C0059DF62 /* Constants.swift in Sources */,
			);
			runOnlyForDeploymentPostprocessing = 0;
		};
		CA935CE92B216CFB00B131B6 /* Sources */ = {
			isa = PBXSourcesBuildPhase;
			buildActionMask = 2147483647;
			files = (
				CAA197172B24CEF10059DF62 /* PokemonsListInteractorTest.swift in Sources */,
				CAA1971B2B24D4820059DF62 /* NetworkerMock.swift in Sources */,
			);
			runOnlyForDeploymentPostprocessing = 0;
		};
/* End PBXSourcesBuildPhase section */

/* Begin PBXTargetDependency section */
		CA935CEF2B216CFB00B131B6 /* PBXTargetDependency */ = {
			isa = PBXTargetDependency;
			target = CA935CD72B216CFA00B131B6 /* Pokemon */;
			targetProxy = CA935CEE2B216CFB00B131B6 /* PBXContainerItemProxy */;
		};
/* End PBXTargetDependency section */

/* Begin XCBuildConfiguration section */
		CA935CFF2B216CFB00B131B6 /* Debug */ = {
			isa = XCBuildConfiguration;
			buildSettings = {
				ALWAYS_SEARCH_USER_PATHS = NO;
				ASSETCATALOG_COMPILER_GENERATE_SWIFT_ASSET_SYMBOL_EXTENSIONS = YES;
				CLANG_ANALYZER_NONNULL = YES;
				CLANG_ANALYZER_NUMBER_OBJECT_CONVERSION = YES_AGGRESSIVE;
				CLANG_CXX_LANGUAGE_STANDARD = "gnu++20";
				CLANG_ENABLE_MODULES = YES;
				CLANG_ENABLE_OBJC_ARC = YES;
				CLANG_ENABLE_OBJC_WEAK = YES;
				CLANG_WARN_BLOCK_CAPTURE_AUTORELEASING = YES;
				CLANG_WARN_BOOL_CONVERSION = YES;
				CLANG_WARN_COMMA = YES;
				CLANG_WARN_CONSTANT_CONVERSION = YES;
				CLANG_WARN_DEPRECATED_OBJC_IMPLEMENTATIONS = YES;
				CLANG_WARN_DIRECT_OBJC_ISA_USAGE = YES_ERROR;
				CLANG_WARN_DOCUMENTATION_COMMENTS = YES;
				CLANG_WARN_EMPTY_BODY = YES;
				CLANG_WARN_ENUM_CONVERSION = YES;
				CLANG_WARN_INFINITE_RECURSION = YES;
				CLANG_WARN_INT_CONVERSION = YES;
				CLANG_WARN_NON_LITERAL_NULL_CONVERSION = YES;
				CLANG_WARN_OBJC_IMPLICIT_RETAIN_SELF = YES;
				CLANG_WARN_OBJC_LITERAL_CONVERSION = YES;
				CLANG_WARN_OBJC_ROOT_CLASS = YES_ERROR;
				CLANG_WARN_QUOTED_INCLUDE_IN_FRAMEWORK_HEADER = YES;
				CLANG_WARN_RANGE_LOOP_ANALYSIS = YES;
				CLANG_WARN_STRICT_PROTOTYPES = YES;
				CLANG_WARN_SUSPICIOUS_MOVE = YES;
				CLANG_WARN_UNGUARDED_AVAILABILITY = YES_AGGRESSIVE;
				CLANG_WARN_UNREACHABLE_CODE = YES;
				CLANG_WARN__DUPLICATE_METHOD_MATCH = YES;
				COPY_PHASE_STRIP = NO;
				DEBUG_INFORMATION_FORMAT = dwarf;
				ENABLE_STRICT_OBJC_MSGSEND = YES;
				ENABLE_TESTABILITY = YES;
				ENABLE_USER_SCRIPT_SANDBOXING = YES;
				GCC_C_LANGUAGE_STANDARD = gnu17;
				GCC_DYNAMIC_NO_PIC = NO;
				GCC_NO_COMMON_BLOCKS = YES;
				GCC_OPTIMIZATION_LEVEL = 0;
				GCC_PREPROCESSOR_DEFINITIONS = (
					"DEBUG=1",
					"$(inherited)",
				);
				GCC_WARN_64_TO_32_BIT_CONVERSION = YES;
				GCC_WARN_ABOUT_RETURN_TYPE = YES_ERROR;
				GCC_WARN_UNDECLARED_SELECTOR = YES;
				GCC_WARN_UNINITIALIZED_AUTOS = YES_AGGRESSIVE;
				GCC_WARN_UNUSED_FUNCTION = YES;
				GCC_WARN_UNUSED_VARIABLE = YES;
				IPHONEOS_DEPLOYMENT_TARGET = 17.0;
				LOCALIZATION_PREFERS_STRING_CATALOGS = YES;
				MTL_ENABLE_DEBUG_INFO = INCLUDE_SOURCE;
				MTL_FAST_MATH = YES;
				ONLY_ACTIVE_ARCH = YES;
				SDKROOT = iphoneos;
				SWIFT_ACTIVE_COMPILATION_CONDITIONS = "DEBUG $(inherited)";
				SWIFT_OPTIMIZATION_LEVEL = "-Onone";
			};
			name = Debug;
		};
		CA935D002B216CFB00B131B6 /* Release */ = {
			isa = XCBuildConfiguration;
			buildSettings = {
				ALWAYS_SEARCH_USER_PATHS = NO;
				ASSETCATALOG_COMPILER_GENERATE_SWIFT_ASSET_SYMBOL_EXTENSIONS = YES;
				CLANG_ANALYZER_NONNULL = YES;
				CLANG_ANALYZER_NUMBER_OBJECT_CONVERSION = YES_AGGRESSIVE;
				CLANG_CXX_LANGUAGE_STANDARD = "gnu++20";
				CLANG_ENABLE_MODULES = YES;
				CLANG_ENABLE_OBJC_ARC = YES;
				CLANG_ENABLE_OBJC_WEAK = YES;
				CLANG_WARN_BLOCK_CAPTURE_AUTORELEASING = YES;
				CLANG_WARN_BOOL_CONVERSION = YES;
				CLANG_WARN_COMMA = YES;
				CLANG_WARN_CONSTANT_CONVERSION = YES;
				CLANG_WARN_DEPRECATED_OBJC_IMPLEMENTATIONS = YES;
				CLANG_WARN_DIRECT_OBJC_ISA_USAGE = YES_ERROR;
				CLANG_WARN_DOCUMENTATION_COMMENTS = YES;
				CLANG_WARN_EMPTY_BODY = YES;
				CLANG_WARN_ENUM_CONVERSION = YES;
				CLANG_WARN_INFINITE_RECURSION = YES;
				CLANG_WARN_INT_CONVERSION = YES;
				CLANG_WARN_NON_LITERAL_NULL_CONVERSION = YES;
				CLANG_WARN_OBJC_IMPLICIT_RETAIN_SELF = YES;
				CLANG_WARN_OBJC_LITERAL_CONVERSION = YES;
				CLANG_WARN_OBJC_ROOT_CLASS = YES_ERROR;
				CLANG_WARN_QUOTED_INCLUDE_IN_FRAMEWORK_HEADER = YES;
				CLANG_WARN_RANGE_LOOP_ANALYSIS = YES;
				CLANG_WARN_STRICT_PROTOTYPES = YES;
				CLANG_WARN_SUSPICIOUS_MOVE = YES;
				CLANG_WARN_UNGUARDED_AVAILABILITY = YES_AGGRESSIVE;
				CLANG_WARN_UNREACHABLE_CODE = YES;
				CLANG_WARN__DUPLICATE_METHOD_MATCH = YES;
				COPY_PHASE_STRIP = NO;
				DEBUG_INFORMATION_FORMAT = "dwarf-with-dsym";
				ENABLE_NS_ASSERTIONS = NO;
				ENABLE_STRICT_OBJC_MSGSEND = YES;
				ENABLE_USER_SCRIPT_SANDBOXING = YES;
				GCC_C_LANGUAGE_STANDARD = gnu17;
				GCC_NO_COMMON_BLOCKS = YES;
				GCC_WARN_64_TO_32_BIT_CONVERSION = YES;
				GCC_WARN_ABOUT_RETURN_TYPE = YES_ERROR;
				GCC_WARN_UNDECLARED_SELECTOR = YES;
				GCC_WARN_UNINITIALIZED_AUTOS = YES_AGGRESSIVE;
				GCC_WARN_UNUSED_FUNCTION = YES;
				GCC_WARN_UNUSED_VARIABLE = YES;
				IPHONEOS_DEPLOYMENT_TARGET = 17.0;
				LOCALIZATION_PREFERS_STRING_CATALOGS = YES;
				MTL_ENABLE_DEBUG_INFO = NO;
				MTL_FAST_MATH = YES;
				SDKROOT = iphoneos;
				SWIFT_COMPILATION_MODE = wholemodule;
				VALIDATE_PRODUCT = YES;
			};
			name = Release;
		};
		CA935D022B216CFB00B131B6 /* Debug */ = {
			isa = XCBuildConfiguration;
			buildSettings = {
				ASSETCATALOG_COMPILER_APPICON_NAME = AppIcon;
				ASSETCATALOG_COMPILER_GLOBAL_ACCENT_COLOR_NAME = AccentColor;
				CODE_SIGN_STYLE = Automatic;
				CURRENT_PROJECT_VERSION = 1;
				ENABLE_PREVIEWS = YES;
				GENERATE_INFOPLIST_FILE = YES;
				INFOPLIST_KEY_UIApplicationSupportsIndirectInputEvents = YES;
				INFOPLIST_KEY_UILaunchScreen_Generation = YES;
				INFOPLIST_KEY_UISupportedInterfaceOrientations_iPad = "UIInterfaceOrientationPortrait UIInterfaceOrientationPortraitUpsideDown UIInterfaceOrientationLandscapeLeft UIInterfaceOrientationLandscapeRight";
				INFOPLIST_KEY_UISupportedInterfaceOrientations_iPhone = "UIInterfaceOrientationPortrait UIInterfaceOrientationLandscapeLeft UIInterfaceOrientationLandscapeRight";
				LD_RUNPATH_SEARCH_PATHS = (
					"$(inherited)",
					"@executable_path/Frameworks",
				);
				MARKETING_VERSION = 1.0;
				PRODUCT_BUNDLE_IDENTIFIER = com.pokemon.team.Pokemon;
				PRODUCT_NAME = "$(TARGET_NAME)";
				SWIFT_EMIT_LOC_STRINGS = YES;
				SWIFT_VERSION = 5.0;
				TARGETED_DEVICE_FAMILY = "1,2";
			};
			name = Debug;
		};
		CA935D032B216CFB00B131B6 /* Release */ = {
			isa = XCBuildConfiguration;
			buildSettings = {
				ASSETCATALOG_COMPILER_APPICON_NAME = AppIcon;
				ASSETCATALOG_COMPILER_GLOBAL_ACCENT_COLOR_NAME = AccentColor;
				CODE_SIGN_STYLE = Automatic;
				CURRENT_PROJECT_VERSION = 1;
				ENABLE_PREVIEWS = YES;
				GENERATE_INFOPLIST_FILE = YES;
				INFOPLIST_KEY_UIApplicationSupportsIndirectInputEvents = YES;
				INFOPLIST_KEY_UILaunchScreen_Generation = YES;
				INFOPLIST_KEY_UISupportedInterfaceOrientations_iPad = "UIInterfaceOrientationPortrait UIInterfaceOrientationPortraitUpsideDown UIInterfaceOrientationLandscapeLeft UIInterfaceOrientationLandscapeRight";
				INFOPLIST_KEY_UISupportedInterfaceOrientations_iPhone = "UIInterfaceOrientationPortrait UIInterfaceOrientationLandscapeLeft UIInterfaceOrientationLandscapeRight";
				LD_RUNPATH_SEARCH_PATHS = (
					"$(inherited)",
					"@executable_path/Frameworks",
				);
				MARKETING_VERSION = 1.0;
				PRODUCT_BUNDLE_IDENTIFIER = com.pokemon.team.Pokemon;
				PRODUCT_NAME = "$(TARGET_NAME)";
				SWIFT_EMIT_LOC_STRINGS = YES;
				SWIFT_VERSION = 5.0;
				TARGETED_DEVICE_FAMILY = "1,2";
			};
			name = Release;
		};
		CA935D052B216CFB00B131B6 /* Debug */ = {
			isa = XCBuildConfiguration;
			buildSettings = {
				ALWAYS_EMBED_SWIFT_STANDARD_LIBRARIES = YES;
				BUNDLE_LOADER = "$(TEST_HOST)";
				CODE_SIGN_STYLE = Automatic;
				CURRENT_PROJECT_VERSION = 1;
				GENERATE_INFOPLIST_FILE = YES;
				IPHONEOS_DEPLOYMENT_TARGET = 17.0;
				MARKETING_VERSION = 1.0;
				PRODUCT_BUNDLE_IDENTIFIER = com.pokemon.team.PokemonTests;
				PRODUCT_NAME = "$(TARGET_NAME)";
				SWIFT_EMIT_LOC_STRINGS = NO;
				SWIFT_VERSION = 5.0;
				TARGETED_DEVICE_FAMILY = "1,2";
				TEST_HOST = "$(BUILT_PRODUCTS_DIR)/Pokemon.app/$(BUNDLE_EXECUTABLE_FOLDER_PATH)/Pokemon";
			};
			name = Debug;
		};
		CA935D062B216CFB00B131B6 /* Release */ = {
			isa = XCBuildConfiguration;
			buildSettings = {
				ALWAYS_EMBED_SWIFT_STANDARD_LIBRARIES = YES;
				BUNDLE_LOADER = "$(TEST_HOST)";
				CODE_SIGN_STYLE = Automatic;
				CURRENT_PROJECT_VERSION = 1;
				GENERATE_INFOPLIST_FILE = YES;
				IPHONEOS_DEPLOYMENT_TARGET = 17.0;
				MARKETING_VERSION = 1.0;
				PRODUCT_BUNDLE_IDENTIFIER = com.pokemon.team.PokemonTests;
				PRODUCT_NAME = "$(TARGET_NAME)";
				SWIFT_EMIT_LOC_STRINGS = NO;
				SWIFT_VERSION = 5.0;
				TARGETED_DEVICE_FAMILY = "1,2";
				TEST_HOST = "$(BUILT_PRODUCTS_DIR)/Pokemon.app/$(BUNDLE_EXECUTABLE_FOLDER_PATH)/Pokemon";
			};
			name = Release;
		};
/* End XCBuildConfiguration section */

/* Begin XCConfigurationList section */
		CA935CD32B216CFA00B131B6 /* Build configuration list for PBXProject "Pokemon" */ = {
			isa = XCConfigurationList;
			buildConfigurations = (
				CA935CFF2B216CFB00B131B6 /* Debug */,
				CA935D002B216CFB00B131B6 /* Release */,
			);
			defaultConfigurationIsVisible = 0;
			defaultConfigurationName = Release;
		};
		CA935D012B216CFB00B131B6 /* Build configuration list for PBXNativeTarget "Pokemon" */ = {
			isa = XCConfigurationList;
			buildConfigurations = (
				CA935D022B216CFB00B131B6 /* Debug */,
				CA935D032B216CFB00B131B6 /* Release */,
			);
			defaultConfigurationIsVisible = 0;
			defaultConfigurationName = Release;
		};
		CA935D042B216CFB00B131B6 /* Build configuration list for PBXNativeTarget "PokemonTests" */ = {
			isa = XCConfigurationList;
			buildConfigurations = (
				CA935D052B216CFB00B131B6 /* Debug */,
				CA935D062B216CFB00B131B6 /* Release */,
			);
			defaultConfigurationIsVisible = 0;
			defaultConfigurationName = Release;
		};
/* End XCConfigurationList section */

/* Begin XCVersionGroup section */
		CA935CE62B216CFB00B131B6 /* Pokemon.xcdatamodeld */ = {
			isa = XCVersionGroup;
			children = (
				CA935CE72B216CFB00B131B6 /* Pokemon.xcdatamodel */,
			);
			currentVersion = CA935CE72B216CFB00B131B6 /* Pokemon.xcdatamodel */;
			path = Pokemon.xcdatamodeld;
			sourceTree = "<group>";
			versionGroupType = wrapper.xcdatamodel;
		};
/* End XCVersionGroup section */
	};
	rootObject = CA935CD02B216CFA00B131B6 /* Project object */;
}
